
Microsoft Visual Studio Solution File, Format Version 12.00
# Visual Studio 15
VisualStudioVersion = 15.0.27703.1
MinimumVisualStudioVersion = 10.0.40219.1
Project("{FAE04EC0-301F-11D3-BF4B-00C04F79EFBC}") = "MusicRenamer", "MusicRenamer\MusicRenamer.csproj", "{535902C6-4F3E-4187-9D13-8B7195F0A3C5}"
EndProject
Global
	GlobalSection(SolutionConfigurationPlatforms) = preSolution
		Debug|Any CPU = Debug|Any CPU
		Release|Any CPU = Release|Any CPU
	EndGlobalSection
	GlobalSection(ProjectConfigurationPlatforms) = postSolution
		{535902C6-4F3E-4187-9D13-8B7195F0A3C5}.Debug|Any CPU.ActiveCfg = Debug|Any CPU
		{535902C6-4F3E-4187-9D13-8B7195F0A3C5}.Debug|Any CPU.Build.0 = Debug|Any CPU
		{535902C6-4F3E-4187-9D13-8B7195F0A3C5}.Release|Any CPU.ActiveCfg = Release|Any CPU
		{535902C6-4F3E-4187-9D13-8B7195F0A3C5}.Release|Any CPU.Build.0 = Release|Any CPU
	EndGlobalSection
	GlobalSection(SolutionProperties) = preSolution
		HideSolutionNode = FALSE
	EndGlobalSection
	GlobalSection(ExtensibilityGlobals) = postSolution
		SolutionGuid = {E805780C-5F22-46DA-89C7-F398F1A2F130}
	EndGlobalSection
EndGlobal
